
Microsoft Visual Studio Solution File, Format Version 12.00
# Visual Studio Version 16
VisualStudioVersion = 16.0.30517.126
MinimumVisualStudioVersion = 10.0.40219.1
Project("{FAE04EC0-301F-11D3-BF4B-00C04F79EFBC}") = "OOP-Part1", "OOP-Part1\OOP-Part1.csproj", "{B72F1F7E-4FBD-4982-8030-F33D228C5628}"
EndProject
Project("{FAE04EC0-301F-11D3-BF4B-00C04F79EFBC}") = "OOPCAT", "OOPCAT\OOPCAT.csproj", "{C4E0C694-022A-4A14-A414-AAC6A8E36300}"
EndProject
Global
	GlobalSection(SolutionConfigurationPlatforms) = preSolution
		Debug|Any CPU = Debug|Any CPU
		Release|Any CPU = Release|Any CPU
	EndGlobalSection
	GlobalSection(ProjectConfigurationPlatforms) = postSolution
		{B72F1F7E-4FBD-4982-8030-F33D228C5628}.Debug|Any CPU.ActiveCfg = Debug|Any CPU
		{B72F1F7E-4FBD-4982-8030-F33D228C5628}.Debug|Any CPU.Build.0 = Debug|Any CPU
		{B72F1F7E-4FBD-4982-8030-F33D228C5628}.Release|Any CPU.ActiveCfg = Release|Any CPU
		{B72F1F7E-4FBD-4982-8030-F33D228C5628}.Release|Any CPU.Build.0 = Release|Any CPU
		{C4E0C694-022A-4A14-A414-AAC6A8E36300}.Debug|Any CPU.ActiveCfg = Debug|Any CPU
		{C4E0C694-022A-4A14-A414-AAC6A8E36300}.Debug|Any CPU.Build.0 = Debug|Any CPU
		{C4E0C694-022A-4A14-A414-AAC6A8E36300}.Release|Any CPU.ActiveCfg = Release|Any CPU
		{C4E0C694-022A-4A14-A414-AAC6A8E36300}.Release|Any CPU.Build.0 = Release|Any CPU
	EndGlobalSection
	GlobalSection(SolutionProperties) = preSolution
		HideSolutionNode = FALSE
	EndGlobalSection
	GlobalSection(ExtensibilityGlobals) = postSolution
		SolutionGuid = {6DFCBF65-F064-4BDC-A3F0-5561496E9E03}
	EndGlobalSection
EndGlobal
